
Microsoft Visual Studio Solution File, Format Version 12.00
# Visual Studio Version 16
VisualStudioVersion = 16.0.29905.134
MinimumVisualStudioVersion = 10.0.40219.1
Project("{FAE04EC0-301F-11D3-BF4B-00C04F79EFBC}") = "Leidos.Imaging.IBierAiMlEmpty", "Leidos.Imaging.IBierAiMlEmpty\Leidos.Imaging.IBierAiMlEmpty.csproj", "{1A24C872-17C8-476F-A2E8-EC584229433B}"
	ProjectSection(ProjectDependencies) = postProject
		{57AA9ECF-A96E-40DE-8E59-8C9E3D32015E} = {57AA9ECF-A96E-40DE-8E59-8C9E3D32015E}
	EndProjectSection
EndProject
Project("{FAE04EC0-301F-11D3-BF4B-00C04F79EFBC}") = "TestConsole", "TestConsole\TestConsole.csproj", "{D0135E77-DD23-446A-8713-5C544987E788}"
EndProject
Project("{8BC9CEB8-8B4A-11D0-8D11-00A0C91BC942}") = "DllSample", "DllSample\DllSample.vcxproj", "{57AA9ECF-A96E-40DE-8E59-8C9E3D32015E}"
EndProject
Project("{8BC9CEB8-8B4A-11D0-8D11-00A0C91BC942}") = "LeidosMTAnalysis", "LeidosMTAnalysis\LeidosMTAnalysis.vcxproj", "{DE0B4EF3-B1F6-4C87-9C31-5B024D74654D}"
EndProject
Project("{FAE04EC0-301F-11D3-BF4B-00C04F79EFBC}") = "LeidosEmptyTestApp", "LeidosEmptyTestApp\LeidosEmptyTestApp.csproj", "{83416B8D-47C5-4B81-AF34-6228133474FC}"
EndProject
Global
	GlobalSection(SolutionConfigurationPlatforms) = preSolution
		Debug|Any CPU = Debug|Any CPU
		Debug|x64 = Debug|x64
		Debug|x86 = Debug|x86
		Release|Any CPU = Release|Any CPU
		Release|x64 = Release|x64
		Release|x86 = Release|x86
	EndGlobalSection
	GlobalSection(ProjectConfigurationPlatforms) = postSolution
		{1A24C872-17C8-476F-A2E8-EC584229433B}.Debug|Any CPU.ActiveCfg = Debug|Any CPU
		{1A24C872-17C8-476F-A2E8-EC584229433B}.Debug|Any CPU.Build.0 = Debug|Any CPU
		{1A24C872-17C8-476F-A2E8-EC584229433B}.Debug|x64.ActiveCfg = Debug|Any CPU
		{1A24C872-17C8-476F-A2E8-EC584229433B}.Debug|x64.Build.0 = Debug|Any CPU
		{1A24C872-17C8-476F-A2E8-EC584229433B}.Debug|x86.ActiveCfg = Debug|Any CPU
		{1A24C872-17C8-476F-A2E8-EC584229433B}.Debug|x86.Build.0 = Debug|Any CPU
		{1A24C872-17C8-476F-A2E8-EC584229433B}.Release|Any CPU.ActiveCfg = Release|Any CPU
		{1A24C872-17C8-476F-A2E8-EC584229433B}.Release|Any CPU.Build.0 = Release|Any CPU
		{1A24C872-17C8-476F-A2E8-EC584229433B}.Release|x64.ActiveCfg = Release|Any CPU
		{1A24C872-17C8-476F-A2E8-EC584229433B}.Release|x64.Build.0 = Release|Any CPU
		{1A24C872-17C8-476F-A2E8-EC584229433B}.Release|x86.ActiveCfg = Release|Any CPU
		{1A24C872-17C8-476F-A2E8-EC584229433B}.Release|x86.Build.0 = Release|Any CPU
		{D0135E77-DD23-446A-8713-5C544987E788}.Debug|Any CPU.ActiveCfg = Debug|Any CPU
		{D0135E77-DD23-446A-8713-5C544987E788}.Debug|Any CPU.Build.0 = Debug|Any CPU
		{D0135E77-DD23-446A-8713-5C544987E788}.Debug|x64.ActiveCfg = Debug|Any CPU
		{D0135E77-DD23-446A-8713-5C544987E788}.Debug|x64.Build.0 = Debug|Any CPU
		{D0135E77-DD23-446A-8713-5C544987E788}.Debug|x86.ActiveCfg = Debug|Any CPU
		{D0135E77-DD23-446A-8713-5C544987E788}.Debug|x86.Build.0 = Debug|Any CPU
		{D0135E77-DD23-446A-8713-5C544987E788}.Release|Any CPU.ActiveCfg = Release|Any CPU
		{D0135E77-DD23-446A-8713-5C544987E788}.Release|Any CPU.Build.0 = Release|Any CPU
		{D0135E77-DD23-446A-8713-5C544987E788}.Release|x64.ActiveCfg = Release|Any CPU
		{D0135E77-DD23-446A-8713-5C544987E788}.Release|x64.Build.0 = Release|Any CPU
		{D0135E77-DD23-446A-8713-5C544987E788}.Release|x86.ActiveCfg = Release|Any CPU
		{D0135E77-DD23-446A-8713-5C544987E788}.Release|x86.Build.0 = Release|Any CPU
		{57AA9ECF-A96E-40DE-8E59-8C9E3D32015E}.Debug|Any CPU.ActiveCfg = Debug|Win32
		{57AA9ECF-A96E-40DE-8E59-8C9E3D32015E}.Debug|Any CPU.Build.0 = Debug|Win32
		{57AA9ECF-A96E-40DE-8E59-8C9E3D32015E}.Debug|x64.ActiveCfg = Debug|x64
		{57AA9ECF-A96E-40DE-8E59-8C9E3D32015E}.Debug|x64.Build.0 = Debug|x64
		{57AA9ECF-A96E-40DE-8E59-8C9E3D32015E}.Debug|x86.ActiveCfg = Debug|Win32
		{57AA9ECF-A96E-40DE-8E59-8C9E3D32015E}.Debug|x86.Build.0 = Debug|Win32
		{57AA9ECF-A96E-40DE-8E59-8C9E3D32015E}.Release|Any CPU.ActiveCfg = Release|Win32
		{57AA9ECF-A96E-40DE-8E59-8C9E3D32015E}.Release|x64.ActiveCfg = Release|x64
		{57AA9ECF-A96E-40DE-8E59-8C9E3D32015E}.Release|x64.Build.0 = Release|x64
		{57AA9ECF-A96E-40DE-8E59-8C9E3D32015E}.Release|x86.ActiveCfg = Release|Win32
		{57AA9ECF-A96E-40DE-8E59-8C9E3D32015E}.Release|x86.Build.0 = Release|Win32
		{DE0B4EF3-B1F6-4C87-9C31-5B024D74654D}.Debug|Any CPU.ActiveCfg = Debug|Win32
		{DE0B4EF3-B1F6-4C87-9C31-5B024D74654D}.Debug|x64.ActiveCfg = Debug|x64
		{DE0B4EF3-B1F6-4C87-9C31-5B024D74654D}.Debug|x64.Build.0 = Debug|x64
		{DE0B4EF3-B1F6-4C87-9C31-5B024D74654D}.Debug|x86.ActiveCfg = Debug|Win32
		{DE0B4EF3-B1F6-4C87-9C31-5B024D74654D}.Debug|x86.Build.0 = Debug|Win32
		{DE0B4EF3-B1F6-4C87-9C31-5B024D74654D}.Release|Any CPU.ActiveCfg = Release|Win32
		{DE0B4EF3-B1F6-4C87-9C31-5B024D74654D}.Release|x64.ActiveCfg = Release|x64
		{DE0B4EF3-B1F6-4C87-9C31-5B024D74654D}.Release|x64.Build.0 = Release|x64
		{DE0B4EF3-B1F6-4C87-9C31-5B024D74654D}.Release|x86.ActiveCfg = Release|Win32
		{DE0B4EF3-B1F6-4C87-9C31-5B024D74654D}.Release|x86.Build.0 = Release|Win32
		{83416B8D-47C5-4B81-AF34-6228133474FC}.Debug|Any CPU.ActiveCfg = Debug|Any CPU
		{83416B8D-47C5-4B81-AF34-6228133474FC}.Debug|Any CPU.Build.0 = Debug|Any CPU
		{83416B8D-47C5-4B81-AF34-6228133474FC}.Debug|x64.ActiveCfg = Debug|Any CPU
		{83416B8D-47C5-4B81-AF34-6228133474FC}.Debug|x64.Build.0 = Debug|Any CPU
		{83416B8D-47C5-4B81-AF34-6228133474FC}.Debug|x86.ActiveCfg = Debug|Any CPU
		{83416B8D-47C5-4B81-AF34-6228133474FC}.Debug|x86.Build.0 = Debug|Any CPU
		{83416B8D-47C5-4B81-AF34-6228133474FC}.Release|Any CPU.ActiveCfg = Release|Any CPU
		{83416B8D-47C5-4B81-AF34-6228133474FC}.Release|Any CPU.Build.0 = Release|Any CPU
		{83416B8D-47C5-4B81-AF34-6228133474FC}.Release|x64.ActiveCfg = Release|Any CPU
		{83416B8D-47C5-4B81-AF34-6228133474FC}.Release|x64.Build.0 = Release|Any CPU
		{83416B8D-47C5-4B81-AF34-6228133474FC}.Release|x86.ActiveCfg = Release|Any CPU
		{83416B8D-47C5-4B81-AF34-6228133474FC}.Release|x86.Build.0 = Release|Any CPU
	EndGlobalSection
	GlobalSection(SolutionProperties) = preSolution
		HideSolutionNode = FALSE
	EndGlobalSection
	GlobalSection(ExtensibilityGlobals) = postSolution
		SolutionGuid = {BE218E03-4900-4327-9D69-D108030F9003}
	EndGlobalSection
EndGlobal
